{
  "name": "@voliware/template-chat",
  "version": "1.0.0",
  "lockfileVersion": 1,
  "requires": true,
  "dependencies": {
    "@voliware/template2": {
      "version": "1.1.1",
      "resolved": "https://registry.npmjs.org/@voliware/template2/-/template2-1.1.1.tgz",
      "integrity": "sha512-yG8W4q18wo2IeyncXU+4yqgA/9ZMcW44ixVO2xnt4Yvi1JmM/3VqXVzVipQ32ZfWp9vR2rux9OQDDpZHbDm+7A==",
      "dev": true
    }
  }
}
